// !$*UTF8*$!
{
	archiveVersion = 1;
	classes = {
	};
	objectVersion = 46;
	objects = {

/* Begin PBXBuildFile section */
		7642C311199EBC1E003F51F4 /* Foundation.framework in Frameworks */ = {isa = PBXBuildFile; fileRef = 7642C310199EBC1E003F51F4 /* Foundation.framework */; };
		7642C313199EBC1E003F51F4 /* CoreGraphics.framework in Frameworks */ = {isa = PBXBuildFile; fileRef = 7642C312199EBC1E003F51F4 /* CoreGraphics.framework */; };
		7642C315199EBC1E003F51F4 /* UIKit.framework in Frameworks */ = {isa = PBXBuildFile; fileRef = 7642C314199EBC1E003F51F4 /* UIKit.framework */; };
		7642C31B199EBC1E003F51F4 /* InfoPlist.strings in Resources */ = {isa = PBXBuildFile; fileRef = 7642C319199EBC1E003F51F4 /* InfoPlist.strings */; };
		7642C31D199EBC1E003F51F4 /* main.m in Sources */ = {isa = PBXBuildFile; fileRef = 7642C31C199EBC1E003F51F4 /* main.m */; };
		7642C321199EBC1E003F51F4 /* AppDelegate.m in Sources */ = {isa = PBXBuildFile; fileRef = 7642C320199EBC1E003F51F4 /* AppDelegate.m */; };
		7642C323199EBC1E003F51F4 /* Images.xcassets in Resources */ = {isa = PBXBuildFile; fileRef = 7642C322199EBC1E003F51F4 /* Images.xcassets */; };
		7642C32A199EBC1E003F51F4 /* XCTest.framework in Frameworks */ = {isa = PBXBuildFile; fileRef = 7642C329199EBC1E003F51F4 /* XCTest.framework */; };
		7642C32B199EBC1E003F51F4 /* Foundation.framework in Frameworks */ = {isa = PBXBuildFile; fileRef = 7642C310199EBC1E003F51F4 /* Foundation.framework */; };
		7642C32C199EBC1E003F51F4 /* UIKit.framework in Frameworks */ = {isa = PBXBuildFile; fileRef = 7642C314199EBC1E003F51F4 /* UIKit.framework */; };
		7642C334199EBC1F003F51F4 /* InfoPlist.strings in Resources */ = {isa = PBXBuildFile; fileRef = 7642C332199EBC1F003F51F4 /* InfoPlist.strings */; };
		7642C336199EBC1F003F51F4 /* HelloWorldTests.m in Sources */ = {isa = PBXBuildFile; fileRef = 7642C335199EBC1F003F51F4 /* HelloWorldTests.m */; };
		7642C342199EBC39003F51F4 /* ViewController.m in Sources */ = {isa = PBXBuildFile; fileRef = 7642C340199EBC39003F51F4 /* ViewController.m */; };
		7642C343199EBC39003F51F4 /* ViewController.xib in Resources */ = {isa = PBXBuildFile; fileRef = 7642C341199EBC39003F51F4 /* ViewController.xib */; };
/* End PBXBuildFile section */

/* Begin PBXContainerItemProxy section */
		7642C32D199EBC1E003F51F4 /* PBXContainerItemProxy */ = {
			isa = PBXContainerItemProxy;
			containerPortal = 7642C305199EBC1E003F51F4 /* Project object */;
			proxyType = 1;
			remoteGlobalIDString = 7642C30C199EBC1E003F51F4;
			remoteInfo = HelloWorld;
		};
/* End PBXContainerItemProxy section */

/* Begin PBXFileReference section */
		7642C30D199EBC1E003F51F4 /* HelloWorld.app */ = {isa = PBXFileReference; explicitFileType = wrapper.application; includeInIndex = 0; path = HelloWorld.app; sourceTree = BUILT_PRODUCTS_DIR; };
		7642C310199EBC1E003F51F4 /* Foundation.framework */ = {isa = PBXFileReference; lastKnownFileType = wrapper.framework; name = Foundation.framework; path = System/Library/Frameworks/Foundation.framework; sourceTree = SDKROOT; };
		7642C312199EBC1E003F51F4 /* CoreGraphics.framework */ = {isa = PBXFileReference; lastKnownFileType = wrapper.framework; name = CoreGraphics.framework; path = System/Library/Frameworks/CoreGraphics.framework; sourceTree = SDKROOT; };
		7642C314199EBC1E003F51F4 /* UIKit.framework */ = {isa = PBXFileReference; lastKnownFileType = wrapper.framework; name = UIKit.framework; path = System/Library/Frameworks/UIKit.framework; sourceTree = SDKROOT; };
		7642C318199EBC1E003F51F4 /* HelloWorld-Info.plist */ = {isa = PBXFileReference; lastKnownFileType = text.plist.xml; path = "HelloWorld-Info.plist"; sourceTree = "<group>"; };
		7642C31A199EBC1E003F51F4 /* en */ = {isa = PBXFileReference; lastKnownFileType = text.plist.strings; name = en; path = en.lproj/InfoPlist.strings; sourceTree = "<group>"; };
		7642C31C199EBC1E003F51F4 /* main.m */ = {isa = PBXFileReference; lastKnownFileType = sourcecode.c.objc; path = main.m; sourceTree = "<group>"; };
		7642C31E199EBC1E003F51F4 /* HelloWorld-Prefix.pch */ = {isa = PBXFileReference; lastKnownFileType = sourcecode.c.h; path = "HelloWorld-Prefix.pch"; sourceTree = "<group>"; };
		7642C31F199EBC1E003F51F4 /* AppDelegate.h */ = {isa = PBXFileReference; lastKnownFileType = sourcecode.c.h; path = AppDelegate.h; sourceTree = "<group>"; };
		7642C320199EBC1E003F51F4 /* AppDelegate.m */ = {isa = PBXFileReference; lastKnownFileType = sourcecode.c.objc; path = AppDelegate.m; sourceTree = "<group>"; };
		7642C322199EBC1E003F51F4 /* Images.xcassets */ = {isa = PBXFileReference; lastKnownFileType = folder.assetcatalog; path = Images.xcassets; sourceTree = "<group>"; };
		7642C328199EBC1E003F51F4 /* HelloWorldTests.xctest */ = {isa = PBXFileReference; explicitFileType = wrapper.cfbundle; includeInIndex = 0; path = HelloWorldTests.xctest; sourceTree = BUILT_PRODUCTS_DIR; };
		7642C329199EBC1E003F51F4 /* XCTest.framework */ = {isa = PBXFileReference; lastKnownFileType = wrapper.framework; name = XCTest.framework; path = Library/Frameworks/XCTest.framework; sourceTree = DEVELOPER_DIR; };
		7642C331199EBC1F003F51F4 /* HelloWorldTests-Info.plist */ = {isa = PBXFileReference; lastKnownFileType = text.plist.xml; path = "HelloWorldTests-Info.plist"; sourceTree = "<group>"; };
		7642C333199EBC1F003F51F4 /* en */ = {isa = PBXFileReference; lastKnownFileType = text.plist.strings; name = en; path = en.lproj/InfoPlist.strings; sourceTree = "<group>"; };
		7642C335199EBC1F003F51F4 /* HelloWorldTests.m */ = {isa = PBXFileReference; lastKnownFileType = sourcecode.c.objc; path = HelloWorldTests.m; sourceTree = "<group>"; };
		7642C33F199EBC39003F51F4 /* ViewController.h */ = {isa = PBXFileReference; fileEncoding = 4; lastKnownFileType = sourcecode.c.h; path = ViewController.h; sourceTree = "<group>"; };
		7642C340199EBC39003F51F4 /* ViewController.m */ = {isa = PBXFileReference; fileEncoding = 4; lastKnownFileType = sourcecode.c.objc; path = ViewController.m; sourceTree = "<group>"; };
		7642C341199EBC39003F51F4 /* ViewController.xib */ = {isa = PBXFileReference; fileEncoding = 4; lastKnownFileType = file.xib; path = ViewController.xib; sourceTree = "<group>"; };
/* End PBXFileReference section */

/* Begin PBXFrameworksBuildPhase section */
		7642C30A199EBC1E003F51F4 /* Frameworks */ = {
			isa = PBXFrameworksBuildPhase;
			buildActionMask = 2147483647;
			files = (
				7642C313199EBC1E003F51F4 /* CoreGraphics.framework in Frameworks */,
				7642C315199EBC1E003F51F4 /* UIKit.framework in Frameworks */,
				7642C311199EBC1E003F51F4 /* Foundation.framework in Frameworks */,
			);
			runOnlyForDeploymentPostprocessing = 0;
		};
		7642C325199EBC1E003F51F4 /* Frameworks */ = {
			isa = PBXFrameworksBuildPhase;
			buildActionMask = 2147483647;
			files = (
				7642C32A199EBC1E003F51F4 /* XCTest.framework in Frameworks */,
				7642C32C199EBC1E003F51F4 /* UIKit.framework in Frameworks */,
				7642C32B199EBC1E003F51F4 /* Foundation.framework in Frameworks */,
			);
			runOnlyForDeploymentPostprocessing = 0;
		};
/* End PBXFrameworksBuildPhase section */

/* Begin PBXGroup section */
		7642C304199EBC1E003F51F4 = {
			isa = PBXGroup;
			children = (
				7642C316199EBC1E003F51F4 /* HelloWorld */,
				7642C32F199EBC1E003F51F4 /* HelloWorldTests */,
				7642C30F199EBC1E003F51F4 /* Frameworks */,
				7642C30E199EBC1E003F51F4 /* Products */,
			);
			sourceTree = "<group>";
		};
		7642C30E199EBC1E003F51F4 /* Products */ = {
			isa = PBXGroup;
			children = (
				7642C30D199EBC1E003F51F4 /* HelloWorld.app */,
				7642C328199EBC1E003F51F4 /* HelloWorldTests.xctest */,
			);
			name = Products;
			sourceTree = "<group>";
		};
		7642C30F199EBC1E003F51F4 /* Frameworks */ = {
			isa = PBXGroup;
			children = (
				7642C310199EBC1E003F51F4 /* Foundation.framework */,
				7642C312199EBC1E003F51F4 /* CoreGraphics.framework */,
				7642C314199EBC1E003F51F4 /* UIKit.framework */,
				7642C329199EBC1E003F51F4 /* XCTest.framework */,
			);
			name = Frameworks;
			sourceTree = "<group>";
		};
		7642C316199EBC1E003F51F4 /* HelloWorld */ = {
			isa = PBXGroup;
			children = (
				7642C33F199EBC39003F51F4 /* ViewController.h */,
				7642C340199EBC39003F51F4 /* ViewController.m */,
				7642C341199EBC39003F51F4 /* ViewController.xib */,
				7642C31F199EBC1E003F51F4 /* AppDelegate.h */,
				7642C320199EBC1E003F51F4 /* AppDelegate.m */,
				7642C322199EBC1E003F51F4 /* Images.xcassets */,
				7642C317199EBC1E003F51F4 /* Supporting Files */,
			);
			path = HelloWorld;
			sourceTree = "<group>";
		};
		7642C317199EBC1E003F51F4 /* Supporting Files */ = {
			isa = PBXGroup;
			children = (
				7642C318199EBC1E003F51F4 /* HelloWorld-Info.plist */,
				7642C319199EBC1E003F51F4 /* InfoPlist.strings */,
				7642C31C199EBC1E003F51F4 /* main.m */,
				7642C31E199EBC1E003F51F4 /* HelloWorld-Prefix.pch */,
			);
			name = "Supporting Files";
			sourceTree = "<group>";
		};
		7642C32F199EBC1E003F51F4 /* HelloWorldTests */ = {
			isa = PBXGroup;
			children = (
				7642C335199EBC1F003F51F4 /* HelloWorldTests.m */,
				7642C330199EBC1F003F51F4 /* Supporting Files */,
			);
			path = HelloWorldTests;
			sourceTree = "<group>";
		};
		7642C330199EBC1F003F51F4 /* Supporting Files */ = {
			isa = PBXGroup;
			children = (
				7642C331199EBC1F003F51F4 /* HelloWorldTests-Info.plist */,
				7642C332199EBC1F003F51F4 /* InfoPlist.strings */,
			);
			name = "Supporting Files";
			sourceTree = "<group>";
		};
/* End PBXGroup section */

/* Begin PBXNativeTarget section */
		7642C30C199EBC1E003F51F4 /* HelloWorld */ = {
			isa = PBXNativeTarget;
			buildConfigurationList = 7642C339199EBC1F003F51F4 /* Build configuration list for PBXNativeTarget "HelloWorld" */;
			buildPhases = (
				7642C309199EBC1E003F51F4 /* Sources */,
				7642C30A199EBC1E003F51F4 /* Frameworks */,
				7642C30B199EBC1E003F51F4 /* Resources */,
			);
			buildRules = (
			);
			dependencies = (
			);
			name = HelloWorld;
			productName = HelloWorld;
			productReference = 7642C30D199EBC1E003F51F4 /* HelloWorld.app */;
			productType = "com.apple.product-type.application";
		};
		7642C327199EBC1E003F51F4 /* HelloWorldTests */ = {
			isa = PBXNativeTarget;
			buildConfigurationList = 7642C33C199EBC1F003F51F4 /* Build configuration list for PBXNativeTarget "HelloWorldTests" */;
			buildPhases = (
				7642C324199EBC1E003F51F4 /* Sources */,
				7642C325199EBC1E003F51F4 /* Frameworks */,
				7642C326199EBC1E003F51F4 /* Resources */,
			);
			buildRules = (
			);
			dependencies = (
				7642C32E199EBC1E003F51F4 /* PBXTargetDependency */,
			);
			name = HelloWorldTests;
			productName = HelloWorldTests;
			productReference = 7642C328199EBC1E003F51F4 /* HelloWorldTests.xctest */;
			productType = "com.apple.product-type.bundle.unit-test";
		};
/* End PBXNativeTarget section */

/* Begin PBXProject section */
		7642C305199EBC1E003F51F4 /* Project object */ = {
			isa = PBXProject;
			attributes = {
				LastUpgradeCheck = 0510;
				ORGANIZATIONNAME = "Rohtash Singh";
				TargetAttributes = {
					7642C327199EBC1E003F51F4 = {
						TestTargetID = 7642C30C199EBC1E003F51F4;
					};
				};
			};
			buildConfigurationList = 7642C308199EBC1E003F51F4 /* Build configuration list for PBXProject "HelloWorld" */;
			compatibilityVersion = "Xcode 3.2";
			developmentRegion = English;
			hasScannedForEncodings = 0;
			knownRegions = (
				en,
			);
			mainGroup = 7642C304199EBC1E003F51F4;
			productRefGroup = 7642C30E199EBC1E003F51F4 /* Products */;
			projectDirPath = "";
			projectRoot = "";
			targets = (
				7642C30C199EBC1E003F51F4 /* HelloWorld */,
				7642C327199EBC1E003F51F4 /* HelloWorldTests */,
			);
		};
/* End PBXProject section */

/* Begin PBXResourcesBuildPhase section */
		7642C30B199EBC1E003F51F4 /* Resources */ = {
			isa = PBXResourcesBuildPhase;
			buildActionMask = 2147483647;
			files = (
				7642C31B199EBC1E003F51F4 /* InfoPlist.strings in Resources */,
				7642C343199EBC39003F51F4 /* ViewController.xib in Resources */,
				7642C323199EBC1E003F51F4 /* Images.xcassets in Resources */,
			);
			runOnlyForDeploymentPostprocessing = 0;
		};
		7642C326199EBC1E003F51F4 /* Resources */ = {
			isa = PBXResourcesBuildPhase;
			buildActionMask = 2147483647;
			files = (
				7642C334199EBC1F003F51F4 /* InfoPlist.strings in Resources */,
			);
			runOnlyForDeploymentPostprocessing = 0;
		};
/* End PBXResourcesBuildPhase section */

/* Begin PBXSourcesBuildPhase section */
		7642C309199EBC1E003F51F4 /* Sources */ = {
			isa = PBXSourcesBuildPhase;
			buildActionMask = 2147483647;
			files = (
				7642C342199EBC39003F51F4 /* ViewController.m in Sources */,
				7642C321199EBC1E003F51F4 /* AppDelegate.m in Sources */,
				7642C31D199EBC1E003F51F4 /* main.m in Sources */,
			);
			runOnlyForDeploymentPostprocessing = 0;
		};
		7642C324199EBC1E003F51F4 /* Sources */ = {
			isa = PBXSourcesBuildPhase;
			buildActionMask = 2147483647;
			files = (
				7642C336199EBC1F003F51F4 /* HelloWorldTests.m in Sources */,
			);
			runOnlyForDeploymentPostprocessing = 0;
		};
/* End PBXSourcesBuildPhase section */

/* Begin PBXTargetDependency section */
		7642C32E199EBC1E003F51F4 /* PBXTargetDependency */ = {
			isa = PBXTargetDependency;
			target = 7642C30C199EBC1E003F51F4 /* HelloWorld */;
			targetProxy = 7642C32D199EBC1E003F51F4 /* PBXContainerItemProxy */;
		};
/* End PBXTargetDependency section */

/* Begin PBXVariantGroup section */
		7642C319199EBC1E003F51F4 /* InfoPlist.strings */ = {
			isa = PBXVariantGroup;
			children = (
				7642C31A199EBC1E003F51F4 /* en */,
			);
			name = InfoPlist.strings;
			sourceTree = "<group>";
		};
		7642C332199EBC1F003F51F4 /* InfoPlist.strings */ = {
			isa = PBXVariantGroup;
			children = (
				7642C333199EBC1F003F51F4 /* en */,
			);
			name = InfoPlist.strings;
			sourceTree = "<group>";
		};
/* End PBXVariantGroup section */

/* Begin XCBuildConfiguration section */
		7642C337199EBC1F003F51F4 /* Debug */ = {
			isa = XCBuildConfiguration;
			buildSettings = {
				ALWAYS_SEARCH_USER_PATHS = NO;
				CLANG_CXX_LANGUAGE_STANDARD = "gnu++0x";
				CLANG_CXX_LIBRARY = "libc++";
				CLANG_ENABLE_MODULES = YES;
				CLANG_ENABLE_OBJC_ARC = YES;
				CLANG_WARN_BOOL_CONVERSION = YES;
				CLANG_WARN_CONSTANT_CONVERSION = YES;
				CLANG_WARN_DIRECT_OBJC_ISA_USAGE = YES_ERROR;
				CLANG_WARN_EMPTY_BODY = YES;
				CLANG_WARN_ENUM_CONVERSION = YES;
				CLANG_WARN_INT_CONVERSION = YES;
				CLANG_WARN_OBJC_ROOT_CLASS = YES_ERROR;
				CLANG_WARN__DUPLICATE_METHOD_MATCH = YES;
				"CODE_SIGN_IDENTITY[sdk=iphoneos*]" = "iPhone Developer";
				COPY_PHASE_STRIP = NO;
				GCC_C_LANGUAGE_STANDARD = gnu99;
				GCC_DYNAMIC_NO_PIC = NO;
				GCC_OPTIMIZATION_LEVEL = 0;
				GCC_PREPROCESSOR_DEFINITIONS = (
					"DEBUG=1",
					"$(inherited)",
				);
				GCC_SYMBOLS_PRIVATE_EXTERN = NO;
				GCC_WARN_64_TO_32_BIT_CONVERSION = YES;
				GCC_WARN_ABOUT_RETURN_TYPE = YES_ERROR;
				GCC_WARN_UNDECLARED_SELECTOR = YES;
				GCC_WARN_UNINITIALIZED_AUTOS = YES_AGGRESSIVE;
				GCC_WARN_UNUSED_FUNCTION = YES;
				GCC_WARN_UNUSED_VARIABLE = YES;
				IPHONEOS_DEPLOYMENT_TARGET = 7.1;
				ONLY_ACTIVE_ARCH = YES;
				SDKROOT = iphoneos;
			};
			name = Debug;
		};
		7642C338199EBC1F003F51F4 /* Release */ = {
			isa = XCBuildConfiguration;
			buildSettings = {
				ALWAYS_SEARCH_USER_PATHS = NO;
				CLANG_CXX_LANGUAGE_STANDARD = "gnu++0x";
				CLANG_CXX_LIBRARY = "libc++";
				CLANG_ENABLE_MODULES = YES;
				CLANG_ENABLE_OBJC_ARC = YES;
				CLANG_WARN_BOOL_CONVERSION = YES;
				CLANG_WARN_CONSTANT_CONVERSION = YES;
				CLANG_WARN_DIRECT_OBJC_ISA_USAGE = YES_ERROR;
				CLANG_WARN_EMPTY_BODY = YES;
				CLANG_WARN_ENUM_CONVERSION = YES;
				CLANG_WARN_INT_CONVERSION = YES;
				CLANG_WARN_OBJC_ROOT_CLASS = YES_ERROR;
				CLANG_WARN__DUPLICATE_METHOD_MATCH = YES;
				"CODE_SIGN_IDENTITY[sdk=iphoneos*]" = "iPhone Developer";
				COPY_PHASE_STRIP = YES;
				ENABLE_NS_ASSERTIONS = NO;
				GCC_C_LANGUAGE_STANDARD = gnu99;
				GCC_WARN_64_TO_32_BIT_CONVERSION = YES;
				GCC_WARN_ABOUT_RETURN_TYPE = YES_ERROR;
				GCC_WARN_UNDECLARED_SELECTOR = YES;
				GCC_WARN_UNINITIALIZED_AUTOS = YES_AGGRESSIVE;
				GCC_WARN_UNUSED_FUNCTION = YES;
				GCC_WARN_UNUSED_VARIABLE = YES;
				IPHONEOS_DEPLOYMENT_TARGET = 7.1;
				SDKROOT = iphoneos;
				VALIDATE_PRODUCT = YES;
			};
			name = Release;
		};
		7642C33A199EBC1F003F51F4 /* Debug */ = {
			isa = XCBuildConfiguration;
			buildSettings = {
				ASSETCATALOG_COMPILER_APPICON_NAME = AppIcon;
				ASSETCATALOG_COMPILER_LAUNCHIMAGE_NAME = LaunchImage;
				GCC_PRECOMPILE_PREFIX_HEADER = YES;
				GCC_PREFIX_HEADER = "HelloWorld/HelloWorld-Prefix.pch";
				INFOPLIST_FILE = "HelloWorld/HelloWorld-Info.plist";
				PRODUCT_NAME = "$(TARGET_NAME)";
				WRAPPER_EXTENSION = app;
			};
			name = Debug;
		};
		7642C33B199EBC1F003F51F4 /* Release */ = {
			isa = XCBuildConfiguration;
			buildSettings = {
				ASSETCATALOG_COMPILER_APPICON_NAME = AppIcon;
				ASSETCATALOG_COMPILER_LAUNCHIMAGE_NAME = LaunchImage;
				GCC_PRECOMPILE_PREFIX_HEADER = YES;
				GCC_PREFIX_HEADER = "HelloWorld/HelloWorld-Prefix.pch";
				INFOPLIST_FILE = "HelloWorld/HelloWorld-Info.plist";
				PRODUCT_NAME = "$(TARGET_NAME)";
				WRAPPER_EXTENSION = app;
			};
			name = Release;
		};
		7642C33D199EBC1F003F51F4 /* Debug */ = {
			isa = XCBuildConfiguration;
			buildSettings = {
				BUNDLE_LOADER = "$(BUILT_PRODUCTS_DIR)/HelloWorld.app/HelloWorld";
				FRAMEWORK_SEARCH_PATHS = (
					"$(SDKROOT)/Developer/Library/Frameworks",
					"$(inherited)",
					"$(DEVELOPER_FRAMEWORKS_DIR)",
				);
				GCC_PRECOMPILE_PREFIX_HEADER = YES;
				GCC_PREFIX_HEADER = "HelloWorld/HelloWorld-Prefix.pch";
				GCC_PREPROCESSOR_DEFINITIONS = (
					"DEBUG=1",
					"$(inherited)",
				);
				INFOPLIST_FILE = "HelloWorldTests/HelloWorldTests-Info.plist";
				PRODUCT_NAME = "$(TARGET_NAME)";
				TEST_HOST = "$(BUNDLE_LOADER)";
				WRAPPER_EXTENSION = xctest;
			};
			name = Debug;
		};
		7642C33E199EBC1F003F51F4 /* Release */ = {
			isa = XCBuildConfiguration;
			buildSettings = {
				BUNDLE_LOADER = "$(BUILT_PRODUCTS_DIR)/HelloWorld.app/HelloWorld";
				FRAMEWORK_SEARCH_PATHS = (
					"$(SDKROOT)/Developer/Library/Frameworks",
					"$(inherited)",
					"$(DEVELOPER_FRAMEWORKS_DIR)",
				);
				GCC_PRECOMPILE_PREFIX_HEADER = YES;
				GCC_PREFIX_HEADER = "HelloWorld/HelloWorld-Prefix.pch";
				INFOPLIST_FILE = "HelloWorldTests/HelloWorldTests-Info.plist";
				PRODUCT_NAME = "$(TARGET_NAME)";
				TEST_HOST = "$(BUNDLE_LOADER)";
				WRAPPER_EXTENSION = xctest;
			};
			name = Release;
		};
/* End XCBuildConfiguration section */

/* Begin XCConfigurationList section */
		7642C308199EBC1E003F51F4 /* Build configuration list for PBXProject "HelloWorld" */ = {
			isa = XCConfigurationList;
			buildConfigurations = (
				7642C337199EBC1F003F51F4 /* Debug */,
				7642C338199EBC1F003F51F4 /* Release */,
			);
			defaultConfigurationIsVisible = 0;
			defaultConfigurationName = Release;
		};
		7642C339199EBC1F003F51F4 /* Build configuration list for PBXNativeTarget "HelloWorld" */ = {
			isa = XCConfigurationList;
			buildConfigurations = (
				7642C33A199EBC1F003F51F4 /* Debug */,
				7642C33B199EBC1F003F51F4 /* Release */,
			);
			defaultConfigurationIsVisible = 0;
		};
		7642C33C199EBC1F003F51F4 /* Build configuration list for PBXNativeTarget "HelloWorldTests" */ = {
			isa = XCConfigurationList;
			buildConfigurations = (
				7642C33D199EBC1F003F51F4 /* Debug */,
				7642C33E199EBC1F003F51F4 /* Release */,
			);
			defaultConfigurationIsVisible = 0;
		};
/* End XCConfigurationList section */
	};
	rootObject = 7642C305199EBC1E003F51F4 /* Project object */;
}
